
Microsoft Visual Studio Solution File, Format Version 12.00
Project("{FAE04EC0-301F-11D3-BF4B-00C04F79EFBC}") = "PixArtMain", "PixArtMain\PixArtMain.csproj", "{EA5928B1-6366-4973-83C3-B605CD30C899}"
EndProject
Project("{FAE04EC0-301F-11D3-BF4B-00C04F79EFBC}") = "PixArtTest", "PixArtTest\PixArtTest.csproj", "{8CED21B3-5946-441B-A17F-ECF1B7592DE1}"
EndProject
Global
	GlobalSection(SolutionConfigurationPlatforms) = preSolution
		Debug|Any CPU = Debug|Any CPU
		Release|Any CPU = Release|Any CPU
	EndGlobalSection
	GlobalSection(ProjectConfigurationPlatforms) = postSolution
		{EA5928B1-6366-4973-83C3-B605CD30C899}.Debug|Any CPU.ActiveCfg = Debug|Any CPU
		{EA5928B1-6366-4973-83C3-B605CD30C899}.Debug|Any CPU.Build.0 = Debug|Any CPU
		{EA5928B1-6366-4973-83C3-B605CD30C899}.Release|Any CPU.ActiveCfg = Release|Any CPU
		{EA5928B1-6366-4973-83C3-B605CD30C899}.Release|Any CPU.Build.0 = Release|Any CPU
		{8CED21B3-5946-441B-A17F-ECF1B7592DE1}.Debug|Any CPU.ActiveCfg = Debug|Any CPU
		{8CED21B3-5946-441B-A17F-ECF1B7592DE1}.Debug|Any CPU.Build.0 = Debug|Any CPU
		{8CED21B3-5946-441B-A17F-ECF1B7592DE1}.Release|Any CPU.ActiveCfg = Release|Any CPU
		{8CED21B3-5946-441B-A17F-ECF1B7592DE1}.Release|Any CPU.Build.0 = Release|Any CPU
	EndGlobalSection
EndGlobal
